{
  "nodes": {
    "nixpkgs": {
      "locked": {
        "lastModified": 1769710482,
        "narHash": "sha256-QVg1S5/VVg4jbd+So7oxBhI7YxpK7Hn6iIqywko7kGQ=",
        "owner": "NixOS",
        "repo": "nixpkgs",
        "rev": "36c406bd1bc8309da38b80af7d403e09cb37d41e",
        "type": "github"
      },
      "original": {
        "owner": "NixOS",
        "repo": "nixpkgs",
        "type": "github"
      }
    },
    "root": {
      "inputs": {
        "nixpkgs": "nixpkgs"
      }
    }
  },
  "root": "root",
  "version": 7
}
