{
  "nodes": {
    "nixpkgs": {
      "locked": {
        "lastModified": 1761578799,
        "narHash": "sha256-xLdrxUXGNvBVULTHiA2GV/+lX/bsrjHNfqlxDM1ijNQ=",
        "owner": "NixOS",
        "repo": "nixpkgs",
        "rev": "fff825dddc49bcd1d46adad057e792905224fc43",
        "type": "github"
      },
      "original": {
        "owner": "NixOS",
        "repo": "nixpkgs",
        "type": "github"
      }
    },
    "root": {
      "inputs": {
        "nixpkgs": "nixpkgs"
      }
    }
  },
  "root": "root",
  "version": 7
}
