{
  "nodes": {
    "nixpkgs": {
      "locked": {
        "lastModified": 1742995129,
        "narHash": "sha256-WW6907JKA1xNr2p4Xc3bEOf45UPtRyVW5yN7iN8kKww=",
        "owner": "NixOS",
        "repo": "nixpkgs",
        "rev": "8a8d92ffc5487fb2719479830af8b89dba169ced",
        "type": "github"
      },
      "original": {
        "owner": "NixOS",
        "repo": "nixpkgs",
        "type": "github"
      }
    },
    "root": {
      "inputs": {
        "nixpkgs": "nixpkgs"
      }
    }
  },
  "root": "root",
  "version": 7
}
